// !$*UTF8*$!
{
	archiveVersion = 1;
	classes = {
	};
	objectVersion = 56;
	objects = {

/* Begin PBXBuildFile section */
		110000000000000000000001 /* YoutarrFeedApp.swift in Sources */ = {isa = PBXBuildFile; fileRef = 120000000000000000000001 /* YoutarrFeedApp.swift */; };
		110000000000000000000002 /* AppModels.swift in Sources */ = {isa = PBXBuildFile; fileRef = 120000000000000000000002 /* AppModels.swift */; };
		110000000000000000000003 /* APIClient.swift in Sources */ = {isa = PBXBuildFile; fileRef = 120000000000000000000003 /* APIClient.swift */; };
		110000000000000000000004 /* AppModel.swift in Sources */ = {isa = PBXBuildFile; fileRef = 120000000000000000000004 /* AppModel.swift */; };
		110000000000000000000005 /* OfflineLibrary.swift in Sources */ = {isa = PBXBuildFile; fileRef = 120000000000000000000005 /* OfflineLibrary.swift */; };
		110000000000000000000006 /* OfflineDownloadManager.swift in Sources */ = {isa = PBXBuildFile; fileRef = 120000000000000000000006 /* OfflineDownloadManager.swift */; };
		110000000000000000000007 /* NowPlayingService.swift in Sources */ = {isa = PBXBuildFile; fileRef = 120000000000000000000007 /* NowPlayingService.swift */; };
		110000000000000000000008 /* RootView.swift in Sources */ = {isa = PBXBuildFile; fileRef = 120000000000000000000008 /* RootView.swift */; };
		110000000000000000000009 /* FeedScreen.swift in Sources */ = {isa = PBXBuildFile; fileRef = 120000000000000000000009 /* FeedScreen.swift */; };
		11000000000000000000000A /* ContinueScreen.swift in Sources */ = {isa = PBXBuildFile; fileRef = 12000000000000000000000A /* ContinueScreen.swift */; };
		11000000000000000000000B /* LocalVideosScreen.swift in Sources */ = {isa = PBXBuildFile; fileRef = 12000000000000000000000B /* LocalVideosScreen.swift */; };
		11000000000000000000000C /* OfflineScreen.swift in Sources */ = {isa = PBXBuildFile; fileRef = 12000000000000000000000C /* OfflineScreen.swift */; };
		11000000000000000000000D /* VideoListScreen.swift in Sources */ = {isa = PBXBuildFile; fileRef = 12000000000000000000000D /* VideoListScreen.swift */; };
		11000000000000000000000E /* VideoPlayerScreen.swift in Sources */ = {isa = PBXBuildFile; fileRef = 12000000000000000000000E /* VideoPlayerScreen.swift */; };
		11000000000000000000000F /* ChannelsScreen.swift in Sources */ = {isa = PBXBuildFile; fileRef = 12000000000000000000000F /* ChannelsScreen.swift */; };
		110000000000000000000010 /* SettingsScreen.swift in Sources */ = {isa = PBXBuildFile; fileRef = 120000000000000000000010 /* SettingsScreen.swift */; };
/* End PBXBuildFile section */

/* Begin PBXFileReference section */
		120000000000000000000001 /* YoutarrFeedApp.swift */ = {isa = PBXFileReference; lastKnownFileType = sourcecode.swift; path = YoutarrFeedApp.swift; sourceTree = "<group>"; };
		120000000000000000000002 /* AppModels.swift */ = {isa = PBXFileReference; lastKnownFileType = sourcecode.swift; path = AppModels.swift; sourceTree = "<group>"; };
		120000000000000000000003 /* APIClient.swift */ = {isa = PBXFileReference; lastKnownFileType = sourcecode.swift; path = APIClient.swift; sourceTree = "<group>"; };
		120000000000000000000004 /* AppModel.swift */ = {isa = PBXFileReference; lastKnownFileType = sourcecode.swift; path = AppModel.swift; sourceTree = "<group>"; };
		120000000000000000000005 /* OfflineLibrary.swift */ = {isa = PBXFileReference; lastKnownFileType = sourcecode.swift; path = OfflineLibrary.swift; sourceTree = "<group>"; };
		120000000000000000000006 /* OfflineDownloadManager.swift */ = {isa = PBXFileReference; lastKnownFileType = sourcecode.swift; path = OfflineDownloadManager.swift; sourceTree = "<group>"; };
		120000000000000000000007 /* NowPlayingService.swift */ = {isa = PBXFileReference; lastKnownFileType = sourcecode.swift; path = NowPlayingService.swift; sourceTree = "<group>"; };
		120000000000000000000008 /* RootView.swift */ = {isa = PBXFileReference; lastKnownFileType = sourcecode.swift; path = RootView.swift; sourceTree = "<group>"; };
		120000000000000000000009 /* FeedScreen.swift */ = {isa = PBXFileReference; lastKnownFileType = sourcecode.swift; path = FeedScreen.swift; sourceTree = "<group>"; };
		12000000000000000000000A /* ContinueScreen.swift */ = {isa = PBXFileReference; lastKnownFileType = sourcecode.swift; path = ContinueScreen.swift; sourceTree = "<group>"; };
		12000000000000000000000B /* LocalVideosScreen.swift */ = {isa = PBXFileReference; lastKnownFileType = sourcecode.swift; path = LocalVideosScreen.swift; sourceTree = "<group>"; };
		12000000000000000000000C /* OfflineScreen.swift */ = {isa = PBXFileReference; lastKnownFileType = sourcecode.swift; path = OfflineScreen.swift; sourceTree = "<group>"; };
		12000000000000000000000D /* VideoListScreen.swift */ = {isa = PBXFileReference; lastKnownFileType = sourcecode.swift; path = VideoListScreen.swift; sourceTree = "<group>"; };
		12000000000000000000000E /* VideoPlayerScreen.swift */ = {isa = PBXFileReference; lastKnownFileType = sourcecode.swift; path = VideoPlayerScreen.swift; sourceTree = "<group>"; };
		12000000000000000000000F /* ChannelsScreen.swift */ = {isa = PBXFileReference; lastKnownFileType = sourcecode.swift; path = ChannelsScreen.swift; sourceTree = "<group>"; };
		120000000000000000000010 /* SettingsScreen.swift */ = {isa = PBXFileReference; lastKnownFileType = sourcecode.swift; path = SettingsScreen.swift; sourceTree = "<group>"; };
		120000000000000000000011 /* Info.plist */ = {isa = PBXFileReference; lastKnownFileType = text.plist.xml; path = Info.plist; sourceTree = "<group>"; };
		120000000000000000000012 /* Youtarr Feed.app */ = {isa = PBXFileReference; explicitFileType = wrapper.application; includeInIndex = 0; path = "Youtarr Feed.app"; sourceTree = BUILT_PRODUCTS_DIR; };
/* End PBXFileReference section */

/* Begin PBXFrameworksBuildPhase section */
		130000000000000000000001 /* Frameworks */ = {
			isa = PBXFrameworksBuildPhase;
			buildActionMask = 2147483647;
			files = (
			);
			runOnlyForDeploymentPostprocessing = 0;
		};
/* End PBXFrameworksBuildPhase section */

/* Begin PBXGroup section */
		140000000000000000000001 = {
			isa = PBXGroup;
			children = (
				140000000000000000000002 /* YoutarrFeedApp */,
				140000000000000000000003 /* Products */,
			);
			sourceTree = "<group>";
		};
		140000000000000000000002 /* YoutarrFeedApp */ = {
			isa = PBXGroup;
			children = (
				120000000000000000000001 /* YoutarrFeedApp.swift */,
				140000000000000000000004 /* Models */,
				140000000000000000000005 /* Services */,
				140000000000000000000006 /* Views */,
				140000000000000000000007 /* Resources */,
			);
			path = YoutarrFeedApp;
			sourceTree = "<group>";
		};
		140000000000000000000003 /* Products */ = {
			isa = PBXGroup;
			children = (
				120000000000000000000012 /* Youtarr Feed.app */,
			);
			name = Products;
			sourceTree = "<group>";
		};
		140000000000000000000004 /* Models */ = {
			isa = PBXGroup;
			children = (
				120000000000000000000002 /* AppModels.swift */,
			);
			path = Models;
			sourceTree = "<group>";
		};
		140000000000000000000005 /* Services */ = {
			isa = PBXGroup;
			children = (
				120000000000000000000003 /* APIClient.swift */,
				120000000000000000000004 /* AppModel.swift */,
				120000000000000000000005 /* OfflineLibrary.swift */,
				120000000000000000000006 /* OfflineDownloadManager.swift */,
				120000000000000000000007 /* NowPlayingService.swift */,
			);
			path = Services;
			sourceTree = "<group>";
		};
		140000000000000000000006 /* Views */ = {
			isa = PBXGroup;
			children = (
				120000000000000000000008 /* RootView.swift */,
				120000000000000000000009 /* FeedScreen.swift */,
				12000000000000000000000A /* ContinueScreen.swift */,
				12000000000000000000000B /* LocalVideosScreen.swift */,
				12000000000000000000000C /* OfflineScreen.swift */,
				12000000000000000000000D /* VideoListScreen.swift */,
				12000000000000000000000E /* VideoPlayerScreen.swift */,
				12000000000000000000000F /* ChannelsScreen.swift */,
				120000000000000000000010 /* SettingsScreen.swift */,
			);
			path = Views;
			sourceTree = "<group>";
		};
		140000000000000000000007 /* Resources */ = {
			isa = PBXGroup;
			children = (
				120000000000000000000011 /* Info.plist */,
			);
			path = Resources;
			sourceTree = "<group>";
		};
/* End PBXGroup section */

/* Begin PBXNativeTarget section */
		150000000000000000000001 /* Youtarr Feed */ = {
			isa = PBXNativeTarget;
			buildConfigurationList = 180000000000000000000003 /* Build configuration list for PBXNativeTarget "Youtarr Feed" */;
			buildPhases = (
				170000000000000000000001 /* Sources */,
				130000000000000000000001 /* Frameworks */,
				170000000000000000000002 /* Resources */,
			);
			buildRules = (
			);
			dependencies = (
			);
			name = "Youtarr Feed";
			productName = "Youtarr Feed";
			productReference = 120000000000000000000012 /* Youtarr Feed.app */;
			productType = "com.apple.product-type.application";
		};
/* End PBXNativeTarget section */

/* Begin PBXProject section */
		160000000000000000000001 /* Project object */ = {
			isa = PBXProject;
			attributes = {
				BuildIndependentTargetsInParallel = 1;
				LastSwiftUpdateCheck = 1600;
				LastUpgradeCheck = 1600;
				TargetAttributes = {
					150000000000000000000001 = {
						CreatedOnToolsVersion = 16.0;
					};
				};
			};
			buildConfigurationList = 180000000000000000000001 /* Build configuration list for PBXProject "YoutarrFeed" */;
			compatibilityVersion = "Xcode 14.0";
			developmentRegion = en;
			hasScannedForEncodings = 0;
			knownRegions = (
				en,
				Base,
			);
			mainGroup = 140000000000000000000001;
			productRefGroup = 140000000000000000000003 /* Products */;
			projectDirPath = "";
			projectRoot = "";
			targets = (
				150000000000000000000001 /* Youtarr Feed */,
			);
		};
/* End PBXProject section */

/* Begin PBXResourcesBuildPhase section */
		170000000000000000000002 /* Resources */ = {
			isa = PBXResourcesBuildPhase;
			buildActionMask = 2147483647;
			files = (
			);
			runOnlyForDeploymentPostprocessing = 0;
		};
/* End PBXResourcesBuildPhase section */

/* Begin PBXSourcesBuildPhase section */
		170000000000000000000001 /* Sources */ = {
			isa = PBXSourcesBuildPhase;
			buildActionMask = 2147483647;
			files = (
				110000000000000000000001 /* YoutarrFeedApp.swift in Sources */,
				110000000000000000000002 /* AppModels.swift in Sources */,
				110000000000000000000003 /* APIClient.swift in Sources */,
				110000000000000000000004 /* AppModel.swift in Sources */,
				110000000000000000000005 /* OfflineLibrary.swift in Sources */,
				110000000000000000000006 /* OfflineDownloadManager.swift in Sources */,
				110000000000000000000007 /* NowPlayingService.swift in Sources */,
				110000000000000000000008 /* RootView.swift in Sources */,
				110000000000000000000009 /* FeedScreen.swift in Sources */,
				11000000000000000000000A /* ContinueScreen.swift in Sources */,
				11000000000000000000000B /* LocalVideosScreen.swift in Sources */,
				11000000000000000000000C /* OfflineScreen.swift in Sources */,
				11000000000000000000000D /* VideoListScreen.swift in Sources */,
				11000000000000000000000E /* VideoPlayerScreen.swift in Sources */,
				11000000000000000000000F /* ChannelsScreen.swift in Sources */,
				110000000000000000000010 /* SettingsScreen.swift in Sources */,
			);
			runOnlyForDeploymentPostprocessing = 0;
		};
/* End PBXSourcesBuildPhase section */

/* Begin XCBuildConfiguration section */
		190000000000000000000001 /* Debug */ = {
			isa = XCBuildConfiguration;
			buildSettings = {
				ALWAYS_SEARCH_USER_PATHS = NO;
				CLANG_ANALYZER_NONNULL = YES;
				CLANG_ANALYZER_NUMBER_OBJECT_CONVERSION = YES_AGGRESSIVE;
				CLANG_CXX_LANGUAGE_STANDARD = "gnu++20";
				CLANG_ENABLE_MODULES = YES;
				CLANG_ENABLE_OBJC_ARC = YES;
				CLANG_ENABLE_OBJC_WEAK = YES;
				CLANG_WARN_BLOCK_CAPTURE_AUTORELEASING = YES;
				CLANG_WARN_BOOL_CONVERSION = YES;
				CLANG_WARN_COMMA = YES;
				CLANG_WARN_CONSTANT_CONVERSION = YES;
				CLANG_WARN_DEPRECATED_OBJC_IMPLEMENTATIONS = YES;
				CLANG_WARN_DIRECT_OBJC_ISA_USAGE = YES_ERROR;
				CLANG_WARN_DOCUMENTATION_COMMENTS = YES;
				CLANG_WARN_EMPTY_BODY = YES;
				CLANG_WARN_ENUM_CONVERSION = YES;
				CLANG_WARN_INFINITE_RECURSION = YES;
				CLANG_WARN_INT_CONVERSION = YES;
				CLANG_WARN_NON_LITERAL_NULL_CONVERSION = YES;
				CLANG_WARN_OBJC_IMPLICIT_RETAIN_SELF = YES;
				CLANG_WARN_OBJC_LITERAL_CONVERSION = YES;
				CLANG_WARN_OBJC_ROOT_CLASS = YES_ERROR;
				CLANG_WARN_QUOTED_INCLUDE_IN_FRAMEWORK_HEADER = YES;
				CLANG_WARN_RANGE_LOOP_ANALYSIS = YES;
				CLANG_WARN_STRICT_PROTOTYPES = YES;
				CLANG_WARN_SUSPICIOUS_MOVE = YES;
				CLANG_WARN_UNGUARDED_AVAILABILITY = YES_AGGRESSIVE;
				CLANG_WARN_UNREACHABLE_CODE = YES;
				CLANG_WARN__DUPLICATE_METHOD_MATCH = YES;
				COPY_PHASE_STRIP = NO;
				DEBUG_INFORMATION_FORMAT = dwarf;
				ENABLE_STRICT_OBJC_MSGSEND = YES;
				ENABLE_TESTABILITY = YES;
				ENABLE_USER_SCRIPT_SANDBOXING = YES;
				GCC_C_LANGUAGE_STANDARD = gnu17;
				GCC_DYNAMIC_NO_PIC = NO;
				GCC_NO_COMMON_BLOCKS = YES;
				GCC_OPTIMIZATION_LEVEL = 0;
				GCC_PREPROCESSOR_DEFINITIONS = (
					"DEBUG=1",
					"$(inherited)",
				);
				GCC_WARN_64_TO_32_BIT_CONVERSION = YES;
				GCC_WARN_ABOUT_RETURN_TYPE = YES_ERROR;
				GCC_WARN_UNDECLARED_SELECTOR = YES;
				GCC_WARN_UNINITIALIZED_AUTOS = YES_AGGRESSIVE;
				GCC_WARN_UNUSED_FUNCTION = YES;
				GCC_WARN_UNUSED_VARIABLE = YES;
				IPHONEOS_DEPLOYMENT_TARGET = 17.0;
				MTL_ENABLE_DEBUG_INFO = INCLUDE_SOURCE;
				MTL_FAST_MATH = YES;
				ONLY_ACTIVE_ARCH = YES;
				SDKROOT = iphoneos;
				SWIFT_ACTIVE_COMPILATION_CONDITIONS = DEBUG;
				SWIFT_OPTIMIZATION_LEVEL = "-Onone";
			};
			name = Debug;
		};
		190000000000000000000002 /* Release */ = {
			isa = XCBuildConfiguration;
			buildSettings = {
				ALWAYS_SEARCH_USER_PATHS = NO;
				CLANG_ANALYZER_NONNULL = YES;
				CLANG_ANALYZER_NUMBER_OBJECT_CONVERSION = YES_AGGRESSIVE;
				CLANG_CXX_LANGUAGE_STANDARD = "gnu++20";
				CLANG_ENABLE_MODULES = YES;
				CLANG_ENABLE_OBJC_ARC = YES;
				CLANG_ENABLE_OBJC_WEAK = YES;
				CLANG_WARN_BLOCK_CAPTURE_AUTORELEASING = YES;
				CLANG_WARN_BOOL_CONVERSION = YES;
				CLANG_WARN_COMMA = YES;
				CLANG_WARN_CONSTANT_CONVERSION = YES;
				CLANG_WARN_DEPRECATED_OBJC_IMPLEMENTATIONS = YES;
				CLANG_WARN_DIRECT_OBJC_ISA_USAGE = YES_ERROR;
				CLANG_WARN_DOCUMENTATION_COMMENTS = YES;
				CLANG_WARN_EMPTY_BODY = YES;
				CLANG_WARN_ENUM_CONVERSION = YES;
				CLANG_WARN_INFINITE_RECURSION = YES;
				CLANG_WARN_INT_CONVERSION = YES;
				CLANG_WARN_NON_LITERAL_NULL_CONVERSION = YES;
				CLANG_WARN_OBJC_IMPLICIT_RETAIN_SELF = YES;
				CLANG_WARN_OBJC_LITERAL_CONVERSION = YES;
				CLANG_WARN_OBJC_ROOT_CLASS = YES_ERROR;
				CLANG_WARN_QUOTED_INCLUDE_IN_FRAMEWORK_HEADER = YES;
				CLANG_WARN_RANGE_LOOP_ANALYSIS = YES;
				CLANG_WARN_STRICT_PROTOTYPES = YES;
				CLANG_WARN_SUSPICIOUS_MOVE = YES;
				CLANG_WARN_UNGUARDED_AVAILABILITY = YES_AGGRESSIVE;
				CLANG_WARN_UNREACHABLE_CODE = YES;
				CLANG_WARN__DUPLICATE_METHOD_MATCH = YES;
				COPY_PHASE_STRIP = NO;
				DEBUG_INFORMATION_FORMAT = "dwarf-with-dsym";
				ENABLE_NS_ASSERTIONS = NO;
				ENABLE_STRICT_OBJC_MSGSEND = YES;
				ENABLE_USER_SCRIPT_SANDBOXING = YES;
				GCC_C_LANGUAGE_STANDARD = gnu17;
				GCC_NO_COMMON_BLOCKS = YES;
				GCC_WARN_64_TO_32_BIT_CONVERSION = YES;
				GCC_WARN_ABOUT_RETURN_TYPE = YES_ERROR;
				GCC_WARN_UNDECLARED_SELECTOR = YES;
				GCC_WARN_UNINITIALIZED_AUTOS = YES_AGGRESSIVE;
				GCC_WARN_UNUSED_FUNCTION = YES;
				GCC_WARN_UNUSED_VARIABLE = YES;
				IPHONEOS_DEPLOYMENT_TARGET = 17.0;
				MTL_ENABLE_DEBUG_INFO = NO;
				MTL_FAST_MATH = YES;
				SDKROOT = iphoneos;
				SWIFT_COMPILATION_MODE = wholemodule;
				SWIFT_OPTIMIZATION_LEVEL = "-O";
				VALIDATE_PRODUCT = YES;
			};
			name = Release;
		};
		190000000000000000000003 /* Debug */ = {
			isa = XCBuildConfiguration;
			buildSettings = {
				ASSETCATALOG_COMPILER_GLOBAL_ACCENT_COLOR_NAME = AccentColor;
				CODE_SIGN_STYLE = Automatic;
				CURRENT_PROJECT_VERSION = 1;
				DEVELOPMENT_ASSET_PATHS = "";
				DEVELOPMENT_TEAM = "";
				GENERATE_INFOPLIST_FILE = NO;
				INFOPLIST_FILE = YoutarrFeedApp/Resources/Info.plist;
				INFOPLIST_KEY_CFBundleDisplayName = "Youtarr Feed";
				IPHONEOS_DEPLOYMENT_TARGET = 17.0;
				MARKETING_VERSION = 0.1;
				PRODUCT_BUNDLE_IDENTIFIER = nl.nielsvanwijk.youtarrfeed;
				PRODUCT_NAME = "Youtarr Feed";
				SUPPORTED_PLATFORMS = "iphoneos iphonesimulator";
				SUPPORTS_MACCATALYST = NO;
				SWIFT_EMIT_LOC_STRINGS = YES;
				SWIFT_VERSION = 5.0;
				TARGETED_DEVICE_FAMILY = 1;
			};
			name = Debug;
		};
		190000000000000000000004 /* Release */ = {
			isa = XCBuildConfiguration;
			buildSettings = {
				ASSETCATALOG_COMPILER_GLOBAL_ACCENT_COLOR_NAME = AccentColor;
				CODE_SIGN_STYLE = Automatic;
				CURRENT_PROJECT_VERSION = 1;
				DEVELOPMENT_ASSET_PATHS = "";
				DEVELOPMENT_TEAM = "";
				GENERATE_INFOPLIST_FILE = NO;
				INFOPLIST_FILE = YoutarrFeedApp/Resources/Info.plist;
				INFOPLIST_KEY_CFBundleDisplayName = "Youtarr Feed";
				IPHONEOS_DEPLOYMENT_TARGET = 17.0;
				MARKETING_VERSION = 0.1;
				PRODUCT_BUNDLE_IDENTIFIER = nl.nielsvanwijk.youtarrfeed;
				PRODUCT_NAME = "Youtarr Feed";
				SUPPORTED_PLATFORMS = "iphoneos iphonesimulator";
				SUPPORTS_MACCATALYST = NO;
				SWIFT_EMIT_LOC_STRINGS = YES;
				SWIFT_VERSION = 5.0;
				TARGETED_DEVICE_FAMILY = 1;
			};
			name = Release;
		};
/* End XCBuildConfiguration section */

/* Begin XCConfigurationList section */
		180000000000000000000001 /* Build configuration list for PBXProject "YoutarrFeed" */ = {
			isa = XCConfigurationList;
			buildConfigurations = (
				190000000000000000000001 /* Debug */,
				190000000000000000000002 /* Release */,
			);
			defaultConfigurationIsVisible = 0;
			defaultConfigurationName = Release;
		};
		180000000000000000000003 /* Build configuration list for PBXNativeTarget "Youtarr Feed" */ = {
			isa = XCConfigurationList;
			buildConfigurations = (
				190000000000000000000003 /* Debug */,
				190000000000000000000004 /* Release */,
			);
			defaultConfigurationIsVisible = 0;
			defaultConfigurationName = Release;
		};
/* End XCConfigurationList section */
	};
	rootObject = 160000000000000000000001 /* Project object */;
}
